
Microsoft Visual Studio Solution File, Format Version 12.00
# Visual Studio Version 17
VisualStudioVersion = 17.14.35906.104 d17.14
MinimumVisualStudioVersion = 10.0.40219.1
Project("{FAE04EC0-301F-11D3-BF4B-00C04F79EFBC}") = "CSharpExtensionMembers", "CSharpExtensionMembers\CSharpExtensionMembers.csproj", "{703D453F-EC96-48B7-A312-29D3DFCFCD29}"
EndProject
Global
	GlobalSection(SolutionConfigurationPlatforms) = preSolution
		Debug|Any CPU = Debug|Any CPU
		Release|Any CPU = Release|Any CPU
	EndGlobalSection
	GlobalSection(ProjectConfigurationPlatforms) = postSolution
		{703D453F-EC96-48B7-A312-29D3DFCFCD29}.Debug|Any CPU.ActiveCfg = Debug|Any CPU
		{703D453F-EC96-48B7-A312-29D3DFCFCD29}.Debug|Any CPU.Build.0 = Debug|Any CPU
		{703D453F-EC96-48B7-A312-29D3DFCFCD29}.Release|Any CPU.ActiveCfg = Release|Any CPU
		{703D453F-EC96-48B7-A312-29D3DFCFCD29}.Release|Any CPU.Build.0 = Release|Any CPU
	EndGlobalSection
	GlobalSection(SolutionProperties) = preSolution
		HideSolutionNode = FALSE
	EndGlobalSection
	GlobalSection(ExtensibilityGlobals) = postSolution
		SolutionGuid = {FD4B6940-F9E9-465E-97B8-F0A15C6CFF1D}
	EndGlobalSection
EndGlobal
