
Microsoft Visual Studio Solution File, Format Version 12.00
# Visual Studio Version 17
VisualStudioVersion = 17.13.35931.197
MinimumVisualStudioVersion = 10.0.40219.1
Project("{FAE04EC0-301F-11D3-BF4B-00C04F79EFBC}") = "BasicConfiguration", "BasicConfiguration\BasicConfiguration.csproj", "{5117D88C-F83D-47DC-A394-0460C3AE5D4C}"
EndProject
Project("{2150E333-8FDC-42A3-9474-1A3956D46DE8}") = "01. Basic Configuration", "01. Basic Configuration", "{02EA681E-C7D8-13C7-8484-4AC65E1B71E8}"
EndProject
Project("{2150E333-8FDC-42A3-9474-1A3956D46DE8}") = "02. Configuration Providers", "02. Configuration Providers", "{DC6757F4-7D0B-4BD5-8AF7-0CF446C3B4C4}"
EndProject
Project("{FAE04EC0-301F-11D3-BF4B-00C04F79EFBC}") = "ConfigurationProviders", "ConfigurationProviders\ConfigurationProviders.csproj", "{C5327B0E-CB83-433B-BE99-8244A71EA261}"
EndProject
Project("{2150E333-8FDC-42A3-9474-1A3956D46DE8}") = "03. Azure App Configuration", "03. Azure App Configuration", "{78ABDDF7-E77A-45DA-B0E2-FD48EBEE5D8C}"
EndProject
Project("{2150E333-8FDC-42A3-9474-1A3956D46DE8}") = "04. Custom Configuration Provider", "04. Custom Configuration Provider", "{EA060A41-B536-4940-ACDC-3EDB8082DC46}"
EndProject
Project("{FAE04EC0-301F-11D3-BF4B-00C04F79EFBC}") = "CustomConfigurationProvider", "CustomConfigurationProvider\CustomConfigurationProvider.csproj", "{7EFC3BBC-BCCC-4BAE-B976-4A64A4E7BE05}"
EndProject
Project("{FAE04EC0-301F-11D3-BF4B-00C04F79EFBC}") = "AzureAppConfiguration", "AzureAppConfiguration\AzureAppConfiguration.csproj", "{A2BAA6C1-E116-47D7-B15A-C9B7396AE963}"
EndProject
Project("{2150E333-8FDC-42A3-9474-1A3956D46DE8}") = "05. Configuration Binding", "05. Configuration Binding", "{4ED995B7-34CE-4C6E-AD22-460CAD391C98}"
EndProject
Project("{2150E333-8FDC-42A3-9474-1A3956D46DE8}") = "06. Configuration using Options", "06. Configuration using Options", "{6AD44C70-0FFD-4B5F-B403-1F1275214737}"
EndProject
Project("{2150E333-8FDC-42A3-9474-1A3956D46DE8}") = "09. Option Types", "09. Option Types", "{58555F76-9AEA-4DB0-9359-8B57DF86D96C}"
EndProject
Project("{2150E333-8FDC-42A3-9474-1A3956D46DE8}") = "10. Option Validation", "10. Option Validation", "{CD1A7D1D-7174-4607-811C-064B42CD738A}"
EndProject
Project("{2150E333-8FDC-42A3-9474-1A3956D46DE8}") = "11. Configure Options", "11. Configure Options", "{6E331E7A-EAFF-4A5D-BEA8-1866842D90CD}"
EndProject
Project("{FAE04EC0-301F-11D3-BF4B-00C04F79EFBC}") = "ConfigurationBinding", "ConfigurationBinding\ConfigurationBinding.csproj", "{C5C65A69-9C73-4C6D-BA85-F4BB8F118BDC}"
EndProject
Project("{2150E333-8FDC-42A3-9474-1A3956D46DE8}") = "00. Common", "00. Common", "{AD9FFB3F-5074-4193-8067-4F7D216412E7}"
EndProject
Project("{FAE04EC0-301F-11D3-BF4B-00C04F79EFBC}") = "Helpers", "Helpers\Helpers.csproj", "{75ADD3BF-6682-4151-B014-8DAB7CDF168A}"
EndProject
Project("{FAE04EC0-301F-11D3-BF4B-00C04F79EFBC}") = "ConfigurationUsingOptions", "ConfigurationUsingOptions\ConfigurationUsingOptions.csproj", "{284EE00F-3C4D-4B0F-8FEF-2BCCCF2890E1}"
EndProject
Project("{2150E333-8FDC-42A3-9474-1A3956D46DE8}") = "07. Configuration Options using SourceGenerator", "07. Configuration Options using SourceGenerator", "{894931C0-4404-4E65-ADE7-A4CA73F1BC2B}"
EndProject
Project("{FAE04EC0-301F-11D3-BF4B-00C04F79EFBC}") = "ConfigurationOptionsSourceGenerator", "ConfigurationOptionsSourceGenerator\ConfigurationOptionsSourceGenerator.csproj", "{6ACC4EFF-2A33-478D-98DD-BD6588B1C7EC}"
EndProject
Project("{FAE04EC0-301F-11D3-BF4B-00C04F79EFBC}") = "ConfigurationOptionsTypes", "ConfigurationsOptionsTypes\ConfigurationOptionsTypes.csproj", "{236A5F3D-552B-45C0-912B-FE3B28D0E523}"
EndProject
Project("{FAE04EC0-301F-11D3-BF4B-00C04F79EFBC}") = "ConfigurationOptionsValidation", "ConfigurationOptionsValidation\ConfigurationOptionsValidation.csproj", "{EE301E70-E7F7-4354-BF57-524724FA9840}"
EndProject
Project("{2150E333-8FDC-42A3-9474-1A3956D46DE8}") = "08. Configuration using Named Options", "08. Configuration using Named Options", "{5C377077-C9AF-4E1A-8303-CCA652C29F5E}"
EndProject
Project("{FAE04EC0-301F-11D3-BF4B-00C04F79EFBC}") = "ConfigurationNamedOptions", "ConfigurationNamedOptions\ConfigurationNamedOptions.csproj", "{62A73889-C98C-4C06-890A-337A80F02900}"
EndProject
Project("{FAE04EC0-301F-11D3-BF4B-00C04F79EFBC}") = "ConfigureConfigurationOptions", "ConfigureConfigurationOptions\ConfigureConfigurationOptions.csproj", "{ADE44A76-A7DD-41F7-834B-1C86C3BDAF04}"
EndProject
Global
	GlobalSection(SolutionConfigurationPlatforms) = preSolution
		Debug|Any CPU = Debug|Any CPU
		Release|Any CPU = Release|Any CPU
	EndGlobalSection
	GlobalSection(ProjectConfigurationPlatforms) = postSolution
		{5117D88C-F83D-47DC-A394-0460C3AE5D4C}.Debug|Any CPU.ActiveCfg = Debug|Any CPU
		{5117D88C-F83D-47DC-A394-0460C3AE5D4C}.Debug|Any CPU.Build.0 = Debug|Any CPU
		{5117D88C-F83D-47DC-A394-0460C3AE5D4C}.Release|Any CPU.ActiveCfg = Release|Any CPU
		{5117D88C-F83D-47DC-A394-0460C3AE5D4C}.Release|Any CPU.Build.0 = Release|Any CPU
		{C5327B0E-CB83-433B-BE99-8244A71EA261}.Debug|Any CPU.ActiveCfg = Debug|Any CPU
		{C5327B0E-CB83-433B-BE99-8244A71EA261}.Debug|Any CPU.Build.0 = Debug|Any CPU
		{C5327B0E-CB83-433B-BE99-8244A71EA261}.Release|Any CPU.ActiveCfg = Release|Any CPU
		{C5327B0E-CB83-433B-BE99-8244A71EA261}.Release|Any CPU.Build.0 = Release|Any CPU
		{7EFC3BBC-BCCC-4BAE-B976-4A64A4E7BE05}.Debug|Any CPU.ActiveCfg = Debug|Any CPU
		{7EFC3BBC-BCCC-4BAE-B976-4A64A4E7BE05}.Debug|Any CPU.Build.0 = Debug|Any CPU
		{7EFC3BBC-BCCC-4BAE-B976-4A64A4E7BE05}.Release|Any CPU.ActiveCfg = Release|Any CPU
		{7EFC3BBC-BCCC-4BAE-B976-4A64A4E7BE05}.Release|Any CPU.Build.0 = Release|Any CPU
		{A2BAA6C1-E116-47D7-B15A-C9B7396AE963}.Debug|Any CPU.ActiveCfg = Debug|Any CPU
		{A2BAA6C1-E116-47D7-B15A-C9B7396AE963}.Debug|Any CPU.Build.0 = Debug|Any CPU
		{A2BAA6C1-E116-47D7-B15A-C9B7396AE963}.Release|Any CPU.ActiveCfg = Release|Any CPU
		{A2BAA6C1-E116-47D7-B15A-C9B7396AE963}.Release|Any CPU.Build.0 = Release|Any CPU
		{C5C65A69-9C73-4C6D-BA85-F4BB8F118BDC}.Debug|Any CPU.ActiveCfg = Debug|Any CPU
		{C5C65A69-9C73-4C6D-BA85-F4BB8F118BDC}.Debug|Any CPU.Build.0 = Debug|Any CPU
		{C5C65A69-9C73-4C6D-BA85-F4BB8F118BDC}.Release|Any CPU.ActiveCfg = Release|Any CPU
		{C5C65A69-9C73-4C6D-BA85-F4BB8F118BDC}.Release|Any CPU.Build.0 = Release|Any CPU
		{75ADD3BF-6682-4151-B014-8DAB7CDF168A}.Debug|Any CPU.ActiveCfg = Debug|Any CPU
		{75ADD3BF-6682-4151-B014-8DAB7CDF168A}.Debug|Any CPU.Build.0 = Debug|Any CPU
		{75ADD3BF-6682-4151-B014-8DAB7CDF168A}.Release|Any CPU.ActiveCfg = Release|Any CPU
		{75ADD3BF-6682-4151-B014-8DAB7CDF168A}.Release|Any CPU.Build.0 = Release|Any CPU
		{284EE00F-3C4D-4B0F-8FEF-2BCCCF2890E1}.Debug|Any CPU.ActiveCfg = Debug|Any CPU
		{284EE00F-3C4D-4B0F-8FEF-2BCCCF2890E1}.Debug|Any CPU.Build.0 = Debug|Any CPU
		{284EE00F-3C4D-4B0F-8FEF-2BCCCF2890E1}.Release|Any CPU.ActiveCfg = Release|Any CPU
		{284EE00F-3C4D-4B0F-8FEF-2BCCCF2890E1}.Release|Any CPU.Build.0 = Release|Any CPU
		{6ACC4EFF-2A33-478D-98DD-BD6588B1C7EC}.Debug|Any CPU.ActiveCfg = Debug|Any CPU
		{6ACC4EFF-2A33-478D-98DD-BD6588B1C7EC}.Debug|Any CPU.Build.0 = Debug|Any CPU
		{6ACC4EFF-2A33-478D-98DD-BD6588B1C7EC}.Release|Any CPU.ActiveCfg = Release|Any CPU
		{6ACC4EFF-2A33-478D-98DD-BD6588B1C7EC}.Release|Any CPU.Build.0 = Release|Any CPU
		{236A5F3D-552B-45C0-912B-FE3B28D0E523}.Debug|Any CPU.ActiveCfg = Debug|Any CPU
		{236A5F3D-552B-45C0-912B-FE3B28D0E523}.Debug|Any CPU.Build.0 = Debug|Any CPU
		{236A5F3D-552B-45C0-912B-FE3B28D0E523}.Release|Any CPU.ActiveCfg = Release|Any CPU
		{236A5F3D-552B-45C0-912B-FE3B28D0E523}.Release|Any CPU.Build.0 = Release|Any CPU
		{EE301E70-E7F7-4354-BF57-524724FA9840}.Debug|Any CPU.ActiveCfg = Debug|Any CPU
		{EE301E70-E7F7-4354-BF57-524724FA9840}.Debug|Any CPU.Build.0 = Debug|Any CPU
		{EE301E70-E7F7-4354-BF57-524724FA9840}.Release|Any CPU.ActiveCfg = Release|Any CPU
		{EE301E70-E7F7-4354-BF57-524724FA9840}.Release|Any CPU.Build.0 = Release|Any CPU
		{62A73889-C98C-4C06-890A-337A80F02900}.Debug|Any CPU.ActiveCfg = Debug|Any CPU
		{62A73889-C98C-4C06-890A-337A80F02900}.Debug|Any CPU.Build.0 = Debug|Any CPU
		{62A73889-C98C-4C06-890A-337A80F02900}.Release|Any CPU.ActiveCfg = Release|Any CPU
		{62A73889-C98C-4C06-890A-337A80F02900}.Release|Any CPU.Build.0 = Release|Any CPU
		{ADE44A76-A7DD-41F7-834B-1C86C3BDAF04}.Debug|Any CPU.ActiveCfg = Debug|Any CPU
		{ADE44A76-A7DD-41F7-834B-1C86C3BDAF04}.Debug|Any CPU.Build.0 = Debug|Any CPU
		{ADE44A76-A7DD-41F7-834B-1C86C3BDAF04}.Release|Any CPU.ActiveCfg = Release|Any CPU
		{ADE44A76-A7DD-41F7-834B-1C86C3BDAF04}.Release|Any CPU.Build.0 = Release|Any CPU
	EndGlobalSection
	GlobalSection(SolutionProperties) = preSolution
		HideSolutionNode = FALSE
	EndGlobalSection
	GlobalSection(NestedProjects) = preSolution
		{5117D88C-F83D-47DC-A394-0460C3AE5D4C} = {02EA681E-C7D8-13C7-8484-4AC65E1B71E8}
		{C5327B0E-CB83-433B-BE99-8244A71EA261} = {DC6757F4-7D0B-4BD5-8AF7-0CF446C3B4C4}
		{7EFC3BBC-BCCC-4BAE-B976-4A64A4E7BE05} = {EA060A41-B536-4940-ACDC-3EDB8082DC46}
		{A2BAA6C1-E116-47D7-B15A-C9B7396AE963} = {78ABDDF7-E77A-45DA-B0E2-FD48EBEE5D8C}
		{C5C65A69-9C73-4C6D-BA85-F4BB8F118BDC} = {4ED995B7-34CE-4C6E-AD22-460CAD391C98}
		{75ADD3BF-6682-4151-B014-8DAB7CDF168A} = {AD9FFB3F-5074-4193-8067-4F7D216412E7}
		{284EE00F-3C4D-4B0F-8FEF-2BCCCF2890E1} = {6AD44C70-0FFD-4B5F-B403-1F1275214737}
		{6ACC4EFF-2A33-478D-98DD-BD6588B1C7EC} = {894931C0-4404-4E65-ADE7-A4CA73F1BC2B}
		{236A5F3D-552B-45C0-912B-FE3B28D0E523} = {58555F76-9AEA-4DB0-9359-8B57DF86D96C}
		{EE301E70-E7F7-4354-BF57-524724FA9840} = {CD1A7D1D-7174-4607-811C-064B42CD738A}
		{62A73889-C98C-4C06-890A-337A80F02900} = {5C377077-C9AF-4E1A-8303-CCA652C29F5E}
		{ADE44A76-A7DD-41F7-834B-1C86C3BDAF04} = {6E331E7A-EAFF-4A5D-BEA8-1866842D90CD}
	EndGlobalSection
	GlobalSection(ExtensibilityGlobals) = postSolution
		SolutionGuid = {3140D593-E9F8-4F5F-9C42-A035B20C690F}
	EndGlobalSection
EndGlobal
